
Microsoft Visual Studio Solution File, Format Version 12.00
# Visual Studio Version 16
VisualStudioVersion = 16.0.30002.166
MinimumVisualStudioVersion = 10.0.40219.1
Project("{FAE04EC0-301F-11D3-BF4B-00C04F79EFBC}") = "BlackJack", "BlackJack\BlackJack.csproj", "{DCF553DE-2B6C-4FD6-8AE3-7BE6FBFA4A4C}"
EndProject
Global
	GlobalSection(SolutionConfigurationPlatforms) = preSolution
		Debug|Any CPU = Debug|Any CPU
		Release|Any CPU = Release|Any CPU
	EndGlobalSection
	GlobalSection(ProjectConfigurationPlatforms) = postSolution
		{DCF553DE-2B6C-4FD6-8AE3-7BE6FBFA4A4C}.Debug|Any CPU.ActiveCfg = Debug|Any CPU
		{DCF553DE-2B6C-4FD6-8AE3-7BE6FBFA4A4C}.Debug|Any CPU.Build.0 = Debug|Any CPU
		{DCF553DE-2B6C-4FD6-8AE3-7BE6FBFA4A4C}.Release|Any CPU.ActiveCfg = Release|Any CPU
		{DCF553DE-2B6C-4FD6-8AE3-7BE6FBFA4A4C}.Release|Any CPU.Build.0 = Release|Any CPU
	EndGlobalSection
	GlobalSection(SolutionProperties) = preSolution
		HideSolutionNode = FALSE
	EndGlobalSection
	GlobalSection(ExtensibilityGlobals) = postSolution
		SolutionGuid = {047A597E-D44A-41C7-B8EC-B4F8394C1424}
	EndGlobalSection
EndGlobal
